{
  "name": "administration",
  "version": "1.0.0",
  "lockfileVersion": 2,
  "requires": true,
  "packages": {
    "": {
      "name": "administration",
      "version": "1.0.0",
      "license": "ISC",
      "dependencies": {
        "@tiptap/extension-image": "*",
        "@tiptap/starter-kit": "*",
        "@tiptap/vue-2": "*",
        "remixicon": "^2.5.0"
      }
    },
    "node_modules/@popperjs/core": {
      "version": "2.9.2",
      "resolved": "https://registry.npmjs.org/@popperjs/core/-/core-2.9.2.tgz",
      "integrity": "sha512-VZMYa7+fXHdwIq1TDhSXoVmSPEGM/aa+6Aiq3nVVJ9bXr24zScr+NlKFKC3iPljA7ho/GAZr+d2jOf5GIRC30Q==",
      "funding": {
        "type": "opencollective",
        "url": "https://opencollective.com/popperjs"
      }
    },
    "node_modules/@tiptap/core": {
      "version": "2.0.0-beta.93",
      "resolved": "https://registry.npmjs.org/@tiptap/core/-/core-2.0.0-beta.93.tgz",
      "integrity": "sha512-skB/RoSInRGCmE9BlIJpLpetKVqtvkhWznwtJ+tWmGJLODRLgux9mFL/84mMR8cjHTOCtf5LniezkWVU6pjrbg==",
      "dependencies": {
        "@types/prosemirror-commands": "^1.0.4",
        "@types/prosemirror-inputrules": "^1.0.4",
        "@types/prosemirror-keymap": "^1.0.4",
        "@types/prosemirror-model": "^1.13.1",
        "@types/prosemirror-schema-list": "^1.0.3",
        "@types/prosemirror-state": "^1.2.7",
        "@types/prosemirror-transform": "^1.1.4",
        "@types/prosemirror-view": "^1.17.2",
        "prosemirror-commands": "^1.1.10",
        "prosemirror-inputrules": "^1.1.3",
        "prosemirror-keymap": "^1.1.3",
        "prosemirror-model": "^1.14.3",
        "prosemirror-schema-list": "^1.1.5",
        "prosemirror-state": "^1.3.4",
        "prosemirror-transform": "^1.3.2",
        "prosemirror-view": "^1.18.11"
      },
      "funding": {
        "type": "github",
        "url": "https://github.com/sponsors/ueberdosis"
      }
    },
    "node_modules/@tiptap/extension-blockquote": {
      "version": "2.0.0-beta.15",
      "resolved": "https://registry.npmjs.org/@tiptap/extension-blockquote/-/extension-blockquote-2.0.0-beta.15.tgz",
      "integrity": "sha512-Cso44KsYsqKqaNveQmx5KVaLy9krq5AzE9WhGVDBSFqWhvuIJkQYrTRBbOTfUDs/st9VuwJrbjTDD65ow50wEw==",
      "dependencies": {
        "prosemirror-inputrules": "^1.1.3"
      },
      "funding": {
        "type": "github",
        "url": "https://github.com/sponsors/ueberdosis"
      },
      "peerDependencies": {
        "@tiptap/core": "^2.0.0-beta.1"
      }
    },
    "node_modules/@tiptap/extension-bold": {
      "version": "2.0.0-beta.15",
      "resolved": "https://registry.npmjs.org/@tiptap/extension-bold/-/extension-bold-2.0.0-beta.15.tgz",
      "integrity": "sha512-jKyV6iiwhxwa0+7uuKD74jNDVNLNOS1GmU14MgaA95pY5e1fyaRBPPX8Gtt89niz2CLOY711AV17RPZTe/e60w==",
      "funding": {
        "type": "github",
        "url": "https://github.com/sponsors/ueberdosis"
      },
      "peerDependencies": {
        "@tiptap/core": "^2.0.0-beta.1"
      }
    },
    "node_modules/@tiptap/extension-bubble-menu": {
      "version": "2.0.0-beta.25",
      "resolved": "https://registry.npmjs.org/@tiptap/extension-bubble-menu/-/extension-bubble-menu-2.0.0-beta.25.tgz",
      "integrity": "sha512-OZnhJ/n7DUKmXrj791CUC/LRQRerCxuZJY5pT0Vy4QV0q0QH66yTrlCokkjrFPrXyTtWD6Mc04teRKctwxi6DA==",
      "dependencies": {
        "prosemirror-state": "^1.3.4",
        "prosemirror-view": "^1.18.11",
        "tippy.js": "^6.3.1"
      },
      "funding": {
        "type": "github",
        "url": "https://github.com/sponsors/ueberdosis"
      },
      "peerDependencies": {
        "@tiptap/core": "^2.0.0-beta.1"
      }
    },
    "node_modules/@tiptap/extension-bullet-list": {
      "version": "2.0.0-beta.15",
      "resolved": "https://registry.npmjs.org/@tiptap/extension-bullet-list/-/extension-bullet-list-2.0.0-beta.15.tgz",
      "integrity": "sha512-5i44JzsZOh8Ci6CuYRQy6W3jCpYgX0+VuJKeHvZ6Aomy4Qqrtc9Jk43PBmCj91lNUUtH6Io9l+kDrLCumEFnEg==",
      "dependencies": {
        "prosemirror-inputrules": "^1.1.3"
      },
      "funding": {
        "type": "github",
        "url": "https://github.com/sponsors/ueberdosis"
      },
      "peerDependencies": {
        "@tiptap/core": "^2.0.0-beta.1"
      }
    },
    "node_modules/@tiptap/extension-code": {
      "version": "2.0.0-beta.15",
      "resolved": "https://registry.npmjs.org/@tiptap/extension-code/-/extension-code-2.0.0-beta.15.tgz",
      "integrity": "sha512-zQkNAOL0/DzQ07exTTquznJ8k/1Fah03AfPrOTNIu3QlepWObfrC9cw51qU+Jlh01CCkijarobIB/bHBD0WWjA==",
      "funding": {
        "type": "github",
        "url": "https://github.com/sponsors/ueberdosis"
      },
      "peerDependencies": {
        "@tiptap/core": "^2.0.0-beta.1"
      }
    },
    "node_modules/@tiptap/extension-code-block": {
      "version": "2.0.0-beta.17",
      "resolved": "https://registry.npmjs.org/@tiptap/extension-code-block/-/extension-code-block-2.0.0-beta.17.tgz",
      "integrity": "sha512-u3RY991mXtjuw+trVaDwbAhuPPlU8l6kS4rXIxWJ5W/sNElbmfHLVu7RP++YwM8KOQrCrQl8TJbZTEIekMw61w==",
      "dependencies": {
        "prosemirror-inputrules": "^1.1.3"
      },
      "funding": {
        "type": "github",
        "url": "https://github.com/sponsors/ueberdosis"
      },
      "peerDependencies": {
        "@tiptap/core": "^2.0.0-beta.1"
      }
    },
    "node_modules/@tiptap/extension-document": {
      "version": "2.0.0-beta.13",
      "resolved": "https://registry.npmjs.org/@tiptap/extension-document/-/extension-document-2.0.0-beta.13.tgz",
      "integrity": "sha512-nrufdKziA/wovaY4DjGkc8OGuIZi8CH8CW3+yYfeWbruwFKkyZHlZy9nplFWSEqBHPAeqD+px9r91yGMW3ontA==",
      "funding": {
        "type": "github",
        "url": "https://github.com/sponsors/ueberdosis"
      },
      "peerDependencies": {
        "@tiptap/core": "^2.0.0-beta.1"
      }
    },
    "node_modules/@tiptap/extension-dropcursor": {
      "version": "2.0.0-beta.18",
      "resolved": "https://registry.npmjs.org/@tiptap/extension-dropcursor/-/extension-dropcursor-2.0.0-beta.18.tgz",
      "integrity": "sha512-P9cMKO7YXsqp62WA2sliWA6TZThO0yoQprv8Em5BPnW53ttZn9RR9sZaeLL/y02cl/aLVtqdLtl2CPSER43ieA==",
      "dependencies": {
        "@types/prosemirror-dropcursor": "^1.0.2",
        "prosemirror-dropcursor": "^1.3.5"
      },
      "funding": {
        "type": "github",
        "url": "https://github.com/sponsors/ueberdosis"
      },
      "peerDependencies": {
        "@tiptap/core": "^2.0.0-beta.1"
      }
    },
    "node_modules/@tiptap/extension-floating-menu": {
      "version": "2.0.0-beta.19",
      "resolved": "https://registry.npmjs.org/@tiptap/extension-floating-menu/-/extension-floating-menu-2.0.0-beta.19.tgz",
      "integrity": "sha512-SwUFE8Gwsb9B7uP24n/cZUY6fSez5umvaHgsz8TIupgfYsCePMqcwYaMGxJE5iGTE/Zi6vf50b3Xfq87oibO3g==",
      "dependencies": {
        "prosemirror-state": "^1.3.4",
        "prosemirror-view": "^1.18.11",
        "tippy.js": "^6.3.1"
      },
      "funding": {
        "type": "github",
        "url": "https://github.com/sponsors/ueberdosis"
      },
      "peerDependencies": {
        "@tiptap/core": "^2.0.0-beta.1"
      }
    },
    "node_modules/@tiptap/extension-gapcursor": {
      "version": "2.0.0-beta.19",
      "resolved": "https://registry.npmjs.org/@tiptap/extension-gapcursor/-/extension-gapcursor-2.0.0-beta.19.tgz",
      "integrity": "sha512-GZYMR+Z45bn87CMuOHyxzTJOFoCv58mNakIBdSGX+8A+ExBFeZr/qLqxDxN3wz+LRqy7pREe5K3UxJxpsYnCzA==",
      "dependencies": {
        "@types/prosemirror-gapcursor": "^1.0.4",
        "prosemirror-gapcursor": "^1.1.5"
      },
      "funding": {
        "type": "github",
        "url": "https://github.com/sponsors/ueberdosis"
      },
      "peerDependencies": {
        "@tiptap/core": "^2.0.0-beta.1"
      }
    },
    "node_modules/@tiptap/extension-hard-break": {
      "version": "2.0.0-beta.15",
      "resolved": "https://registry.npmjs.org/@tiptap/extension-hard-break/-/extension-hard-break-2.0.0-beta.15.tgz",
      "integrity": "sha512-MS7MjGOtKtC1bVNAShwCetFRuk8nPr/j18OOzKChNrJFrZXWNJrid3dUojwDLqCraYdzSTmiOmMgU+yoUe/gnw==",
      "funding": {
        "type": "github",
        "url": "https://github.com/sponsors/ueberdosis"
      },
      "peerDependencies": {
        "@tiptap/core": "^2.0.0-beta.1"
      }
    },
    "node_modules/@tiptap/extension-heading": {
      "version": "2.0.0-beta.15",
      "resolved": "https://registry.npmjs.org/@tiptap/extension-heading/-/extension-heading-2.0.0-beta.15.tgz",
      "integrity": "sha512-UoXDwEdCV9KiPh0wj0jj2Jt6VDqkoTaSU3d9bmEBLwg1Gjgbuv39JDst7oxSqbf9rgbl3txbeOy35wVBKe9CqA==",
      "dependencies": {
        "prosemirror-inputrules": "^1.1.3"
      },
      "funding": {
        "type": "github",
        "url": "https://github.com/sponsors/ueberdosis"
      },
      "peerDependencies": {
        "@tiptap/core": "^2.0.0-beta.1"
      }
    },
    "node_modules/@tiptap/extension-history": {
      "version": "2.0.0-beta.15",
      "resolved": "https://registry.npmjs.org/@tiptap/extension-history/-/extension-history-2.0.0-beta.15.tgz",
      "integrity": "sha512-6UtsNu9eTDnSTsAw1DdOoOh4rf6pL2sn0my93vkNLe7GUf5RbasPPhWX8Qe6JZMkbBTRPTzqfw92jPhJTchggQ==",
      "dependencies": {
        "@types/prosemirror-history": "^1.0.3",
        "prosemirror-history": "^1.1.3"
      },
      "funding": {
        "type": "github",
        "url": "https://github.com/sponsors/ueberdosis"
      },
      "peerDependencies": {
        "@tiptap/core": "^2.0.0-beta.1"
      }
    },
    "node_modules/@tiptap/extension-horizontal-rule": {
      "version": "2.0.0-beta.18",
      "resolved": "https://registry.npmjs.org/@tiptap/extension-horizontal-rule/-/extension-horizontal-rule-2.0.0-beta.18.tgz",
      "integrity": "sha512-drcPbveAwjj/Ci7glcP6bw5PjKOE6ADHBumwpS3pTLEvWbcF3o6XfRFLykZoGLsforv+/d2JMs7vKnLNbnUHSw==",
      "dependencies": {
        "prosemirror-state": "^1.3.4"
      },
      "funding": {
        "type": "github",
        "url": "https://github.com/sponsors/ueberdosis"
      },
      "peerDependencies": {
        "@tiptap/core": "^2.0.0-beta.1"
      }
    },
    "node_modules/@tiptap/extension-image": {
      "version": "2.0.0-beta.15",
      "resolved": "https://registry.npmjs.org/@tiptap/extension-image/-/extension-image-2.0.0-beta.15.tgz",
      "integrity": "sha512-iMwQ154RPefOxgqTTHjOA735YWesyjBhYvD9fFxRDctM2vLxEYYYFOENXEBCFLNAr94gfaxefCEdkuNYHl9H7g==",
      "funding": {
        "type": "github",
        "url": "https://github.com/sponsors/ueberdosis"
      },
      "peerDependencies": {
        "@tiptap/core": "^2.0.0-beta.1"
      }
    },
    "node_modules/@tiptap/extension-italic": {
      "version": "2.0.0-beta.15",
      "resolved": "https://registry.npmjs.org/@tiptap/extension-italic/-/extension-italic-2.0.0-beta.15.tgz",
      "integrity": "sha512-ZCz1vCysLdvOUrwODuyBP0BDaemCLh6ib7qTYoSDKdive9kfn0Vc5Fg3o8xgHrtrUfwKIJz/sWOknjDEGIc9cw==",
      "funding": {
        "type": "github",
        "url": "https://github.com/sponsors/ueberdosis"
      },
      "peerDependencies": {
        "@tiptap/core": "^2.0.0-beta.1"
      }
    },
    "node_modules/@tiptap/extension-list-item": {
      "version": "2.0.0-beta.14",
      "resolved": "https://registry.npmjs.org/@tiptap/extension-list-item/-/extension-list-item-2.0.0-beta.14.tgz",
      "integrity": "sha512-t6xwEqP+d5443Ul2Jvqz9kXb3ro7bA7yY9HA0vskm3120WxxHW9jxgxZN+82Ot5Tm7nXOAlsN6vuqnt4idnxZQ==",
      "funding": {
        "type": "github",
        "url": "https://github.com/sponsors/ueberdosis"
      },
      "peerDependencies": {
        "@tiptap/core": "^2.0.0-beta.1"
      }
    },
    "node_modules/@tiptap/extension-ordered-list": {
      "version": "2.0.0-beta.15",
      "resolved": "https://registry.npmjs.org/@tiptap/extension-ordered-list/-/extension-ordered-list-2.0.0-beta.15.tgz",
      "integrity": "sha512-j9Xh8CYtV+C/wrTXEWN+U7NJIQ/cQrjta80Mm2hFiE2KDtFNkpsPqG6UBoky04EPFphR5xDUsO1nCT7T7Tei5A==",
      "dependencies": {
        "prosemirror-inputrules": "^1.1.3"
      },
      "funding": {
        "type": "github",
        "url": "https://github.com/sponsors/ueberdosis"
      },
      "peerDependencies": {
        "@tiptap/core": "^2.0.0-beta.1"
      }
    },
    "node_modules/@tiptap/extension-paragraph": {
      "version": "2.0.0-beta.16",
      "resolved": "https://registry.npmjs.org/@tiptap/extension-paragraph/-/extension-paragraph-2.0.0-beta.16.tgz",
      "integrity": "sha512-Sj8TXrt9W3ZjK6TQYle9VDgV/bUVnQsXEA7+iQ/gtWST0F1UMFXIhi4hgd9n4gLUtsY/PsmYOEMMbTTAwlERgw==",
      "funding": {
        "type": "github",
        "url": "https://github.com/sponsors/ueberdosis"
      },
      "peerDependencies": {
        "@tiptap/core": "^2.0.0-beta.1"
      }
    },
    "node_modules/@tiptap/extension-strike": {
      "version": "2.0.0-beta.17",
      "resolved": "https://registry.npmjs.org/@tiptap/extension-strike/-/extension-strike-2.0.0-beta.17.tgz",
      "integrity": "sha512-+WRd0RuCK4+jFKNVN+4rHTa5VMqqGDO2uc+TknkqhFqWp/z96OAGlpHJOwPrnW1fLbpjEBBQIr1vVYSw6KgcZg==",
      "funding": {
        "type": "github",
        "url": "https://github.com/sponsors/ueberdosis"
      },
      "peerDependencies": {
        "@tiptap/core": "^2.0.0-beta.1"
      }
    },
    "node_modules/@tiptap/extension-text": {
      "version": "2.0.0-beta.13",
      "resolved": "https://registry.npmjs.org/@tiptap/extension-text/-/extension-text-2.0.0-beta.13.tgz",
      "integrity": "sha512-0EtAwuRldCAoFaL/iXgkRepEeOd55rPg5N4FQUN1xTwZT7PDofukP0DG/2jff/Uj17x4uTaJAa9qlFWuNnDvjw==",
      "funding": {
        "type": "github",
        "url": "https://github.com/sponsors/ueberdosis"
      },
      "peerDependencies": {
        "@tiptap/core": "^2.0.0-beta.1"
      }
    },
    "node_modules/@tiptap/starter-kit": {
      "version": "2.0.0-beta.89",
      "resolved": "https://registry.npmjs.org/@tiptap/starter-kit/-/starter-kit-2.0.0-beta.89.tgz",
      "integrity": "sha512-STbljOth+egJutKdRqOjkyYju/aEobytw4kuFFR1D1T/DtiQaN7D2FazO49uhM8+e2A393KEzgo/A+4qwRi+5w==",
      "dependencies": {
        "@tiptap/core": "^2.0.0-beta.93",
        "@tiptap/extension-blockquote": "^2.0.0-beta.15",
        "@tiptap/extension-bold": "^2.0.0-beta.15",
        "@tiptap/extension-bullet-list": "^2.0.0-beta.15",
        "@tiptap/extension-code": "^2.0.0-beta.15",
        "@tiptap/extension-code-block": "^2.0.0-beta.17",
        "@tiptap/extension-document": "^2.0.0-beta.13",
        "@tiptap/extension-dropcursor": "^2.0.0-beta.18",
        "@tiptap/extension-gapcursor": "^2.0.0-beta.19",
        "@tiptap/extension-hard-break": "^2.0.0-beta.15",
        "@tiptap/extension-heading": "^2.0.0-beta.15",
        "@tiptap/extension-history": "^2.0.0-beta.15",
        "@tiptap/extension-horizontal-rule": "^2.0.0-beta.18",
        "@tiptap/extension-italic": "^2.0.0-beta.15",
        "@tiptap/extension-list-item": "^2.0.0-beta.14",
        "@tiptap/extension-ordered-list": "^2.0.0-beta.15",
        "@tiptap/extension-paragraph": "^2.0.0-beta.16",
        "@tiptap/extension-strike": "^2.0.0-beta.17",
        "@tiptap/extension-text": "^2.0.0-beta.13"
      },
      "funding": {
        "type": "github",
        "url": "https://github.com/sponsors/ueberdosis"
      }
    },
    "node_modules/@tiptap/vue-2": {
      "version": "2.0.0-beta.42",
      "resolved": "https://registry.npmjs.org/@tiptap/vue-2/-/vue-2-2.0.0-beta.42.tgz",
      "integrity": "sha512-INhKZ65OXv/zlOCR40eMDBbk1hbhWAU4QLEk2Tirj5CwUPjOcqVRcYUGvoy90/zBtQTfqAIsgjwpO+YoexFbjg==",
      "dependencies": {
        "@tiptap/extension-bubble-menu": "^2.0.0-beta.25",
        "@tiptap/extension-floating-menu": "^2.0.0-beta.19",
        "prosemirror-view": "^1.18.11"
      },
      "funding": {
        "type": "github",
        "url": "https://github.com/sponsors/ueberdosis"
      },
      "peerDependencies": {
        "@tiptap/core": "^2.0.0-beta.1",
        "vue": "^2.6.12"
      }
    },
    "node_modules/@types/orderedmap": {
      "version": "1.0.0",
      "resolved": "https://registry.npmjs.org/@types/orderedmap/-/orderedmap-1.0.0.tgz",
      "integrity": "sha512-dxKo80TqYx3YtBipHwA/SdFmMMyLCnP+5mkEqN0eMjcTBzHkiiX0ES118DsjDBjvD+zeSsSU9jULTZ+frog+Gw=="
    },
    "node_modules/@types/prosemirror-commands": {
      "version": "1.0.4",
      "resolved": "https://registry.npmjs.org/@types/prosemirror-commands/-/prosemirror-commands-1.0.4.tgz",
      "integrity": "sha512-utDNYB3EXLjAfYIcRWJe6pn3kcQ5kG4RijbT/0Y/TFOm6yhvYS/D9eJVnijdg9LDjykapcezchxGRqFD5LcyaQ==",
      "dependencies": {
        "@types/prosemirror-model": "*",
        "@types/prosemirror-state": "*",
        "@types/prosemirror-view": "*"
      }
    },
    "node_modules/@types/prosemirror-dropcursor": {
      "version": "1.0.2",
      "resolved": "https://registry.npmjs.org/@types/prosemirror-dropcursor/-/prosemirror-dropcursor-1.0.2.tgz",
      "integrity": "sha512-5Ez7yIAvHQgn5YJkuafEh0w4sHV7pksCX9LTPBFRjCuznamcKsnYCez4mR0PwIWq/WuPDvHkR+wqKb4l0t9/aQ==",
      "dependencies": {
        "@types/prosemirror-state": "*"
      }
    },
    "node_modules/@types/prosemirror-gapcursor": {
      "version": "1.0.4",
      "resolved": "https://registry.npmjs.org/@types/prosemirror-gapcursor/-/prosemirror-gapcursor-1.0.4.tgz",
      "integrity": "sha512-9xKjFIG5947dzerFvkLWp6F53JwrUYoYwh3SgcTFEp8SbSfNNrez/PFYVZKPnoqPoaK5WtTdQTaMwpCV9rXQIg==",
      "dependencies": {
        "@types/prosemirror-model": "*",
        "@types/prosemirror-state": "*"
      }
    },
    "node_modules/@types/prosemirror-history": {
      "version": "1.0.3",
      "resolved": "https://registry.npmjs.org/@types/prosemirror-history/-/prosemirror-history-1.0.3.tgz",
      "integrity": "sha512-5TloMDRavgLjOAKXp1Li8u0xcsspzbT1Cm9F2pwHOkgvQOz1jWQb2VIXO7RVNsFjLBZdIXlyfSLivro3DuMWXg==",
      "dependencies": {
        "@types/prosemirror-model": "*",
        "@types/prosemirror-state": "*"
      }
    },
    "node_modules/@types/prosemirror-inputrules": {
      "version": "1.0.4",
      "resolved": "https://registry.npmjs.org/@types/prosemirror-inputrules/-/prosemirror-inputrules-1.0.4.tgz",
      "integrity": "sha512-lJIMpOjO47SYozQybUkpV6QmfuQt7GZKHtVrvS+mR5UekA8NMC5HRIVMyaIauJLWhKU6oaNjpVaXdw41kh165g==",
      "dependencies": {
        "@types/prosemirror-model": "*",
        "@types/prosemirror-state": "*"
      }
    },
    "node_modules/@types/prosemirror-keymap": {
      "version": "1.0.4",
      "resolved": "https://registry.npmjs.org/@types/prosemirror-keymap/-/prosemirror-keymap-1.0.4.tgz",
      "integrity": "sha512-ycevwkqUh+jEQtPwqO7sWGcm+Sybmhu8MpBsM8DlO3+YTKnXbKA6SDz/+q14q1wK3UA8lHJyfR+v+GPxfUSemg==",
      "dependencies": {
        "@types/prosemirror-commands": "*",
        "@types/prosemirror-model": "*",
        "@types/prosemirror-state": "*",
        "@types/prosemirror-view": "*"
      }
    },
    "node_modules/@types/prosemirror-model": {
      "version": "1.13.1",
      "resolved": "https://registry.npmjs.org/@types/prosemirror-model/-/prosemirror-model-1.13.1.tgz",
      "integrity": "sha512-tA1AlI+YR2t3Ve5eeQVJnQm4yV4wVlNfeogHusD1X3OEqqMYTuPssThgIMR4PxPHtvV871Ix8a20bUiJvULDgw==",
      "dependencies": {
        "@types/orderedmap": "*"
      }
    },
    "node_modules/@types/prosemirror-schema-list": {
      "version": "1.0.3",
      "resolved": "https://registry.npmjs.org/@types/prosemirror-schema-list/-/prosemirror-schema-list-1.0.3.tgz",
      "integrity": "sha512-uWybOf+M2Ea7rlbs0yLsS4YJYNGXYtn4N+w8HCw3Vvfl6wBAROzlMt0gV/D/VW/7J/LlAjwMezuGe8xi24HzXA==",
      "dependencies": {
        "@types/orderedmap": "*",
        "@types/prosemirror-model": "*",
        "@types/prosemirror-state": "*"
      }
    },
    "node_modules/@types/prosemirror-state": {
      "version": "1.2.7",
      "resolved": "https://registry.npmjs.org/@types/prosemirror-state/-/prosemirror-state-1.2.7.tgz",
      "integrity": "sha512-clJf5uw3/XQnBJtl2RqYXoLMGBySnLYl43xtDvFfQZKkLnnYcM1SDU8dcz7lWjl2Dm+H98RpLOl44pp7DYT+wA==",
      "dependencies": {
        "@types/prosemirror-model": "*",
        "@types/prosemirror-transform": "*",
        "@types/prosemirror-view": "*"
      }
    },
    "node_modules/@types/prosemirror-transform": {
      "version": "1.1.4",
      "resolved": "https://registry.npmjs.org/@types/prosemirror-transform/-/prosemirror-transform-1.1.4.tgz",
      "integrity": "sha512-HP1PauvkqSgDquZut8HaLOTUDQ6jja/LAy4OA7tTS1XG7wqRnX3gLUyEj0mD6vFd4y8BPkNddNdOh/BeGHlUjg==",
      "dependencies": {
        "@types/prosemirror-model": "*"
      }
    },
    "node_modules/@types/prosemirror-view": {
      "version": "1.18.0",
      "resolved": "https://registry.npmjs.org/@types/prosemirror-view/-/prosemirror-view-1.18.0.tgz",
      "integrity": "sha512-7NBy7qIV/ig49ThfkrIJrvW8E+HwumMgmpopUTYJlKwOh/fQ6SVUG/RtdnAIBLD+4uK0R2SMObbGZm06x6OwbA==",
      "dependencies": {
        "@types/prosemirror-model": "*",
        "@types/prosemirror-state": "*",
        "@types/prosemirror-transform": "*"
      }
    },
    "node_modules/orderedmap": {
      "version": "1.1.1",
      "resolved": "https://registry.npmjs.org/orderedmap/-/orderedmap-1.1.1.tgz",
      "integrity": "sha512-3Ux8um0zXbVacKUkcytc0u3HgC0b0bBLT+I60r2J/En72cI0nZffqrA7Xtf2Hqs27j1g82llR5Mhbd0Z1XW4AQ=="
    },
    "node_modules/prosemirror-commands": {
      "version": "1.1.10",
      "resolved": "https://registry.npmjs.org/prosemirror-commands/-/prosemirror-commands-1.1.10.tgz",
      "integrity": "sha512-IWyBBXNAd44RM6NnBPljwq+/CM2oYCQJkF+YhKEAZNwzW0uFdGf4qComhjbKZzqFdu6Iub2ZhNsXgwPibA0lCQ==",
      "dependencies": {
        "prosemirror-model": "^1.0.0",
        "prosemirror-state": "^1.0.0",
        "prosemirror-transform": "^1.0.0"
      }
    },
    "node_modules/prosemirror-dropcursor": {
      "version": "1.3.5",
      "resolved": "https://registry.npmjs.org/prosemirror-dropcursor/-/prosemirror-dropcursor-1.3.5.tgz",
      "integrity": "sha512-tNUwcF2lPAkwKBZPZRtbxpwljnODRNZ3eiYloN1DSUqDjMT1nBZm0nejaEMS1TvNQ+3amibUSAiV4hX+jpASFA==",
      "dependencies": {
        "prosemirror-state": "^1.0.0",
        "prosemirror-transform": "^1.1.0",
        "prosemirror-view": "^1.1.0"
      }
    },
    "node_modules/prosemirror-gapcursor": {
      "version": "1.1.5",
      "resolved": "https://registry.npmjs.org/prosemirror-gapcursor/-/prosemirror-gapcursor-1.1.5.tgz",
      "integrity": "sha512-SjbUZq5pgsBDuV3hu8GqgIpZR5eZvGLM+gPQTqjVVYSMUCfKW3EGXTEYaLHEl1bGduwqNC95O3bZflgtAb4L6w==",
      "dependencies": {
        "prosemirror-keymap": "^1.0.0",
        "prosemirror-model": "^1.0.0",
        "prosemirror-state": "^1.0.0",
        "prosemirror-view": "^1.0.0"
      }
    },
    "node_modules/prosemirror-history": {
      "version": "1.1.3",
      "resolved": "https://registry.npmjs.org/prosemirror-history/-/prosemirror-history-1.1.3.tgz",
      "integrity": "sha512-zGDotijea+vnfnyyUGyiy1wfOQhf0B/b6zYcCouBV8yo6JmrE9X23M5q7Nf/nATywEZbgRLG70R4DmfSTC+gfg==",
      "dependencies": {
        "prosemirror-state": "^1.2.2",
        "prosemirror-transform": "^1.0.0",
        "rope-sequence": "^1.3.0"
      }
    },
    "node_modules/prosemirror-inputrules": {
      "version": "1.1.3",
      "resolved": "https://registry.npmjs.org/prosemirror-inputrules/-/prosemirror-inputrules-1.1.3.tgz",
      "integrity": "sha512-ZaHCLyBtvbyIHv0f5p6boQTIJjlD6o2NPZiEaZWT2DA+j591zS29QQEMT4lBqwcLW3qRSf7ZvoKNbf05YrsStw==",
      "dependencies": {
        "prosemirror-state": "^1.0.0",
        "prosemirror-transform": "^1.0.0"
      }
    },
    "node_modules/prosemirror-keymap": {
      "version": "1.1.4",
      "resolved": "https://registry.npmjs.org/prosemirror-keymap/-/prosemirror-keymap-1.1.4.tgz",
      "integrity": "sha512-Al8cVUOnDFL4gcI5IDlG6xbZ0aOD/i3B17VT+1JbHWDguCgt/lBHVTHUBcKvvbSg6+q/W4Nj1Fu6bwZSca3xjg==",
      "dependencies": {
        "prosemirror-state": "^1.0.0",
        "w3c-keyname": "^2.2.0"
      }
    },
    "node_modules/prosemirror-model": {
      "version": "1.14.3",
      "resolved": "https://registry.npmjs.org/prosemirror-model/-/prosemirror-model-1.14.3.tgz",
      "integrity": "sha512-yzZlBaSxfUPIIP6U5Edh5zKxJPZ5f7bwZRhiCuH3UYkWhj+P3d8swHsbuAMOu/iDatDc5J/Qs5Mb3++mZf+CvQ==",
      "dependencies": {
        "orderedmap": "^1.1.0"
      }
    },
    "node_modules/prosemirror-schema-list": {
      "version": "1.1.5",
      "resolved": "https://registry.npmjs.org/prosemirror-schema-list/-/prosemirror-schema-list-1.1.5.tgz",
      "integrity": "sha512-9gadhga/wySVfb/iZ2vOpndbG0XroeLw0HkkZN5demNbOea6U5oQtJmvyYWC7ZVf3WkhmVdVsOXrllM9JcC20A==",
      "dependencies": {
        "prosemirror-model": "^1.0.0",
        "prosemirror-transform": "^1.0.0"
      }
    },
    "node_modules/prosemirror-state": {
      "version": "1.3.4",
      "resolved": "https://registry.npmjs.org/prosemirror-state/-/prosemirror-state-1.3.4.tgz",
      "integrity": "sha512-Xkkrpd1y/TQ6HKzN3agsQIGRcLckUMA9u3j207L04mt8ToRgpGeyhbVv0HI7omDORIBHjR29b7AwlATFFf2GLA==",
      "dependencies": {
        "prosemirror-model": "^1.0.0",
        "prosemirror-transform": "^1.0.0"
      }
    },
    "node_modules/prosemirror-transform": {
      "version": "1.3.2",
      "resolved": "https://registry.npmjs.org/prosemirror-transform/-/prosemirror-transform-1.3.2.tgz",
      "integrity": "sha512-/G6d/u9Mf6Bv3H1XR8VxhpjmUO75LYmnvj+s3ZfZpakU1hnQbsvCEybml1B3f2IWUAAQRFkbO1PnsbFhLZsYsw==",
      "dependencies": {
        "prosemirror-model": "^1.0.0"
      }
    },
    "node_modules/prosemirror-view": {
      "version": "1.18.11",
      "resolved": "https://registry.npmjs.org/prosemirror-view/-/prosemirror-view-1.18.11.tgz",
      "integrity": "sha512-KXUM8UEV+IK4JYWHNyxkPGDGbxeTEUHQv3POApfyTRN5eMcPFbY4cB0mDJr0LPelVvYPghmZDOCqfCIm9mYHtQ==",
      "dependencies": {
        "prosemirror-model": "^1.14.3",
        "prosemirror-state": "^1.0.0",
        "prosemirror-transform": "^1.1.0"
      }
    },
    "node_modules/remixicon": {
      "version": "2.5.0",
      "resolved": "https://registry.npmjs.org/remixicon/-/remixicon-2.5.0.tgz",
      "integrity": "sha512-q54ra2QutYDZpuSnFjmeagmEiN9IMo56/zz5dDNitzKD23oFRw77cWo4TsrAdmdkPiEn8mxlrTqxnkujDbEGww=="
    },
    "node_modules/rope-sequence": {
      "version": "1.3.2",
      "resolved": "https://registry.npmjs.org/rope-sequence/-/rope-sequence-1.3.2.tgz",
      "integrity": "sha512-ku6MFrwEVSVmXLvy3dYph3LAMNS0890K7fabn+0YIRQ2T96T9F4gkFf0vf0WW0JUraNWwGRtInEpH7yO4tbQZg=="
    },
    "node_modules/tippy.js": {
      "version": "6.3.1",
      "resolved": "https://registry.npmjs.org/tippy.js/-/tippy.js-6.3.1.tgz",
      "integrity": "sha512-JnFncCq+rF1dTURupoJ4yPie5Cof978inW6/4S6kmWV7LL9YOSEVMifED3KdrVPEG+Z/TFH2CDNJcQEfaeuQww==",
      "dependencies": {
        "@popperjs/core": "^2.8.3"
      }
    },
    "node_modules/vue": {
      "version": "2.6.14",
      "resolved": "https://registry.npmjs.org/vue/-/vue-2.6.14.tgz",
      "integrity": "sha512-x2284lgYvjOMj3Za7kqzRcUSxBboHqtgRE2zlos1qWaOye5yUmHn42LB1250NJBLRwEcdrB0JRwyPTEPhfQjiQ==",
      "peer": true
    },
    "node_modules/w3c-keyname": {
      "version": "2.2.4",
      "resolved": "https://registry.npmjs.org/w3c-keyname/-/w3c-keyname-2.2.4.tgz",
      "integrity": "sha512-tOhfEwEzFLJzf6d1ZPkYfGj+FWhIpBux9ppoP3rlclw3Z0BZv3N7b7030Z1kYth+6rDuAsXUFr+d0VE6Ed1ikw=="
    }
  },
  "dependencies": {
    "@popperjs/core": {
      "version": "2.9.2",
      "resolved": "https://registry.npmjs.org/@popperjs/core/-/core-2.9.2.tgz",
      "integrity": "sha512-VZMYa7+fXHdwIq1TDhSXoVmSPEGM/aa+6Aiq3nVVJ9bXr24zScr+NlKFKC3iPljA7ho/GAZr+d2jOf5GIRC30Q=="
    },
    "@tiptap/core": {
      "version": "2.0.0-beta.93",
      "resolved": "https://registry.npmjs.org/@tiptap/core/-/core-2.0.0-beta.93.tgz",
      "integrity": "sha512-skB/RoSInRGCmE9BlIJpLpetKVqtvkhWznwtJ+tWmGJLODRLgux9mFL/84mMR8cjHTOCtf5LniezkWVU6pjrbg==",
      "requires": {
        "@types/prosemirror-commands": "^1.0.4",
        "@types/prosemirror-inputrules": "^1.0.4",
        "@types/prosemirror-keymap": "^1.0.4",
        "@types/prosemirror-model": "^1.13.1",
        "@types/prosemirror-schema-list": "^1.0.3",
        "@types/prosemirror-state": "^1.2.7",
        "@types/prosemirror-transform": "^1.1.4",
        "@types/prosemirror-view": "^1.17.2",
        "prosemirror-commands": "^1.1.10",
        "prosemirror-inputrules": "^1.1.3",
        "prosemirror-keymap": "^1.1.3",
        "prosemirror-model": "^1.14.3",
        "prosemirror-schema-list": "^1.1.5",
        "prosemirror-state": "^1.3.4",
        "prosemirror-transform": "^1.3.2",
        "prosemirror-view": "^1.18.11"
      }
    },
    "@tiptap/extension-blockquote": {
      "version": "2.0.0-beta.15",
      "resolved": "https://registry.npmjs.org/@tiptap/extension-blockquote/-/extension-blockquote-2.0.0-beta.15.tgz",
      "integrity": "sha512-Cso44KsYsqKqaNveQmx5KVaLy9krq5AzE9WhGVDBSFqWhvuIJkQYrTRBbOTfUDs/st9VuwJrbjTDD65ow50wEw==",
      "requires": {
        "prosemirror-inputrules": "^1.1.3"
      }
    },
    "@tiptap/extension-bold": {
      "version": "2.0.0-beta.15",
      "resolved": "https://registry.npmjs.org/@tiptap/extension-bold/-/extension-bold-2.0.0-beta.15.tgz",
      "integrity": "sha512-jKyV6iiwhxwa0+7uuKD74jNDVNLNOS1GmU14MgaA95pY5e1fyaRBPPX8Gtt89niz2CLOY711AV17RPZTe/e60w==",
      "requires": {}
    },
    "@tiptap/extension-bubble-menu": {
      "version": "2.0.0-beta.25",
      "resolved": "https://registry.npmjs.org/@tiptap/extension-bubble-menu/-/extension-bubble-menu-2.0.0-beta.25.tgz",
      "integrity": "sha512-OZnhJ/n7DUKmXrj791CUC/LRQRerCxuZJY5pT0Vy4QV0q0QH66yTrlCokkjrFPrXyTtWD6Mc04teRKctwxi6DA==",
      "requires": {
        "prosemirror-state": "^1.3.4",
        "prosemirror-view": "^1.18.11",
        "tippy.js": "^6.3.1"
      }
    },
    "@tiptap/extension-bullet-list": {
      "version": "2.0.0-beta.15",
      "resolved": "https://registry.npmjs.org/@tiptap/extension-bullet-list/-/extension-bullet-list-2.0.0-beta.15.tgz",
      "integrity": "sha512-5i44JzsZOh8Ci6CuYRQy6W3jCpYgX0+VuJKeHvZ6Aomy4Qqrtc9Jk43PBmCj91lNUUtH6Io9l+kDrLCumEFnEg==",
      "requires": {
        "prosemirror-inputrules": "^1.1.3"
      }
    },
    "@tiptap/extension-code": {
      "version": "2.0.0-beta.15",
      "resolved": "https://registry.npmjs.org/@tiptap/extension-code/-/extension-code-2.0.0-beta.15.tgz",
      "integrity": "sha512-zQkNAOL0/DzQ07exTTquznJ8k/1Fah03AfPrOTNIu3QlepWObfrC9cw51qU+Jlh01CCkijarobIB/bHBD0WWjA==",
      "requires": {}
    },
    "@tiptap/extension-code-block": {
      "version": "2.0.0-beta.17",
      "resolved": "https://registry.npmjs.org/@tiptap/extension-code-block/-/extension-code-block-2.0.0-beta.17.tgz",
      "integrity": "sha512-u3RY991mXtjuw+trVaDwbAhuPPlU8l6kS4rXIxWJ5W/sNElbmfHLVu7RP++YwM8KOQrCrQl8TJbZTEIekMw61w==",
      "requires": {
        "prosemirror-inputrules": "^1.1.3"
      }
    },
    "@tiptap/extension-document": {
      "version": "2.0.0-beta.13",
      "resolved": "https://registry.npmjs.org/@tiptap/extension-document/-/extension-document-2.0.0-beta.13.tgz",
      "integrity": "sha512-nrufdKziA/wovaY4DjGkc8OGuIZi8CH8CW3+yYfeWbruwFKkyZHlZy9nplFWSEqBHPAeqD+px9r91yGMW3ontA==",
      "requires": {}
    },
    "@tiptap/extension-dropcursor": {
      "version": "2.0.0-beta.18",
      "resolved": "https://registry.npmjs.org/@tiptap/extension-dropcursor/-/extension-dropcursor-2.0.0-beta.18.tgz",
      "integrity": "sha512-P9cMKO7YXsqp62WA2sliWA6TZThO0yoQprv8Em5BPnW53ttZn9RR9sZaeLL/y02cl/aLVtqdLtl2CPSER43ieA==",
      "requires": {
        "@types/prosemirror-dropcursor": "^1.0.2",
        "prosemirror-dropcursor": "^1.3.5"
      }
    },
    "@tiptap/extension-floating-menu": {
      "version": "2.0.0-beta.19",
      "resolved": "https://registry.npmjs.org/@tiptap/extension-floating-menu/-/extension-floating-menu-2.0.0-beta.19.tgz",
      "integrity": "sha512-SwUFE8Gwsb9B7uP24n/cZUY6fSez5umvaHgsz8TIupgfYsCePMqcwYaMGxJE5iGTE/Zi6vf50b3Xfq87oibO3g==",
      "requires": {
        "prosemirror-state": "^1.3.4",
        "prosemirror-view": "^1.18.11",
        "tippy.js": "^6.3.1"
      }
    },
    "@tiptap/extension-gapcursor": {
      "version": "2.0.0-beta.19",
      "resolved": "https://registry.npmjs.org/@tiptap/extension-gapcursor/-/extension-gapcursor-2.0.0-beta.19.tgz",
      "integrity": "sha512-GZYMR+Z45bn87CMuOHyxzTJOFoCv58mNakIBdSGX+8A+ExBFeZr/qLqxDxN3wz+LRqy7pREe5K3UxJxpsYnCzA==",
      "requires": {
        "@types/prosemirror-gapcursor": "^1.0.4",
        "prosemirror-gapcursor": "^1.1.5"
      }
    },
    "@tiptap/extension-hard-break": {
      "version": "2.0.0-beta.15",
      "resolved": "https://registry.npmjs.org/@tiptap/extension-hard-break/-/extension-hard-break-2.0.0-beta.15.tgz",
      "integrity": "sha512-MS7MjGOtKtC1bVNAShwCetFRuk8nPr/j18OOzKChNrJFrZXWNJrid3dUojwDLqCraYdzSTmiOmMgU+yoUe/gnw==",
      "requires": {}
    },
    "@tiptap/extension-heading": {
      "version": "2.0.0-beta.15",
      "resolved": "https://registry.npmjs.org/@tiptap/extension-heading/-/extension-heading-2.0.0-beta.15.tgz",
      "integrity": "sha512-UoXDwEdCV9KiPh0wj0jj2Jt6VDqkoTaSU3d9bmEBLwg1Gjgbuv39JDst7oxSqbf9rgbl3txbeOy35wVBKe9CqA==",
      "requires": {
        "prosemirror-inputrules": "^1.1.3"
      }
    },
    "@tiptap/extension-history": {
      "version": "2.0.0-beta.15",
      "resolved": "https://registry.npmjs.org/@tiptap/extension-history/-/extension-history-2.0.0-beta.15.tgz",
      "integrity": "sha512-6UtsNu9eTDnSTsAw1DdOoOh4rf6pL2sn0my93vkNLe7GUf5RbasPPhWX8Qe6JZMkbBTRPTzqfw92jPhJTchggQ==",
      "requires": {
        "@types/prosemirror-history": "^1.0.3",
        "prosemirror-history": "^1.1.3"
      }
    },
    "@tiptap/extension-horizontal-rule": {
      "version": "2.0.0-beta.18",
      "resolved": "https://registry.npmjs.org/@tiptap/extension-horizontal-rule/-/extension-horizontal-rule-2.0.0-beta.18.tgz",
      "integrity": "sha512-drcPbveAwjj/Ci7glcP6bw5PjKOE6ADHBumwpS3pTLEvWbcF3o6XfRFLykZoGLsforv+/d2JMs7vKnLNbnUHSw==",
      "requires": {
        "prosemirror-state": "^1.3.4"
      }
    },
    "@tiptap/extension-image": {
      "version": "2.0.0-beta.15",
      "resolved": "https://registry.npmjs.org/@tiptap/extension-image/-/extension-image-2.0.0-beta.15.tgz",
      "integrity": "sha512-iMwQ154RPefOxgqTTHjOA735YWesyjBhYvD9fFxRDctM2vLxEYYYFOENXEBCFLNAr94gfaxefCEdkuNYHl9H7g==",
      "requires": {}
    },
    "@tiptap/extension-italic": {
      "version": "2.0.0-beta.15",
      "resolved": "https://registry.npmjs.org/@tiptap/extension-italic/-/extension-italic-2.0.0-beta.15.tgz",
      "integrity": "sha512-ZCz1vCysLdvOUrwODuyBP0BDaemCLh6ib7qTYoSDKdive9kfn0Vc5Fg3o8xgHrtrUfwKIJz/sWOknjDEGIc9cw==",
      "requires": {}
    },
    "@tiptap/extension-list-item": {
      "version": "2.0.0-beta.14",
      "resolved": "https://registry.npmjs.org/@tiptap/extension-list-item/-/extension-list-item-2.0.0-beta.14.tgz",
      "integrity": "sha512-t6xwEqP+d5443Ul2Jvqz9kXb3ro7bA7yY9HA0vskm3120WxxHW9jxgxZN+82Ot5Tm7nXOAlsN6vuqnt4idnxZQ==",
      "requires": {}
    },
    "@tiptap/extension-ordered-list": {
      "version": "2.0.0-beta.15",
      "resolved": "https://registry.npmjs.org/@tiptap/extension-ordered-list/-/extension-ordered-list-2.0.0-beta.15.tgz",
      "integrity": "sha512-j9Xh8CYtV+C/wrTXEWN+U7NJIQ/cQrjta80Mm2hFiE2KDtFNkpsPqG6UBoky04EPFphR5xDUsO1nCT7T7Tei5A==",
      "requires": {
        "prosemirror-inputrules": "^1.1.3"
      }
    },
    "@tiptap/extension-paragraph": {
      "version": "2.0.0-beta.16",
      "resolved": "https://registry.npmjs.org/@tiptap/extension-paragraph/-/extension-paragraph-2.0.0-beta.16.tgz",
      "integrity": "sha512-Sj8TXrt9W3ZjK6TQYle9VDgV/bUVnQsXEA7+iQ/gtWST0F1UMFXIhi4hgd9n4gLUtsY/PsmYOEMMbTTAwlERgw==",
      "requires": {}
    },
    "@tiptap/extension-strike": {
      "version": "2.0.0-beta.17",
      "resolved": "https://registry.npmjs.org/@tiptap/extension-strike/-/extension-strike-2.0.0-beta.17.tgz",
      "integrity": "sha512-+WRd0RuCK4+jFKNVN+4rHTa5VMqqGDO2uc+TknkqhFqWp/z96OAGlpHJOwPrnW1fLbpjEBBQIr1vVYSw6KgcZg==",
      "requires": {}
    },
    "@tiptap/extension-text": {
      "version": "2.0.0-beta.13",
      "resolved": "https://registry.npmjs.org/@tiptap/extension-text/-/extension-text-2.0.0-beta.13.tgz",
      "integrity": "sha512-0EtAwuRldCAoFaL/iXgkRepEeOd55rPg5N4FQUN1xTwZT7PDofukP0DG/2jff/Uj17x4uTaJAa9qlFWuNnDvjw==",
      "requires": {}
    },
    "@tiptap/starter-kit": {
      "version": "2.0.0-beta.89",
      "resolved": "https://registry.npmjs.org/@tiptap/starter-kit/-/starter-kit-2.0.0-beta.89.tgz",
      "integrity": "sha512-STbljOth+egJutKdRqOjkyYju/aEobytw4kuFFR1D1T/DtiQaN7D2FazO49uhM8+e2A393KEzgo/A+4qwRi+5w==",
      "requires": {
        "@tiptap/core": "^2.0.0-beta.93",
        "@tiptap/extension-blockquote": "^2.0.0-beta.15",
        "@tiptap/extension-bold": "^2.0.0-beta.15",
        "@tiptap/extension-bullet-list": "^2.0.0-beta.15",
        "@tiptap/extension-code": "^2.0.0-beta.15",
        "@tiptap/extension-code-block": "^2.0.0-beta.17",
        "@tiptap/extension-document": "^2.0.0-beta.13",
        "@tiptap/extension-dropcursor": "^2.0.0-beta.18",
        "@tiptap/extension-gapcursor": "^2.0.0-beta.19",
        "@tiptap/extension-hard-break": "^2.0.0-beta.15",
        "@tiptap/extension-heading": "^2.0.0-beta.15",
        "@tiptap/extension-history": "^2.0.0-beta.15",
        "@tiptap/extension-horizontal-rule": "^2.0.0-beta.18",
        "@tiptap/extension-italic": "^2.0.0-beta.15",
        "@tiptap/extension-list-item": "^2.0.0-beta.14",
        "@tiptap/extension-ordered-list": "^2.0.0-beta.15",
        "@tiptap/extension-paragraph": "^2.0.0-beta.16",
        "@tiptap/extension-strike": "^2.0.0-beta.17",
        "@tiptap/extension-text": "^2.0.0-beta.13"
      }
    },
    "@tiptap/vue-2": {
      "version": "2.0.0-beta.42",
      "resolved": "https://registry.npmjs.org/@tiptap/vue-2/-/vue-2-2.0.0-beta.42.tgz",
      "integrity": "sha512-INhKZ65OXv/zlOCR40eMDBbk1hbhWAU4QLEk2Tirj5CwUPjOcqVRcYUGvoy90/zBtQTfqAIsgjwpO+YoexFbjg==",
      "requires": {
        "@tiptap/extension-bubble-menu": "^2.0.0-beta.25",
        "@tiptap/extension-floating-menu": "^2.0.0-beta.19",
        "prosemirror-view": "^1.18.11"
      }
    },
    "@types/orderedmap": {
      "version": "1.0.0",
      "resolved": "https://registry.npmjs.org/@types/orderedmap/-/orderedmap-1.0.0.tgz",
      "integrity": "sha512-dxKo80TqYx3YtBipHwA/SdFmMMyLCnP+5mkEqN0eMjcTBzHkiiX0ES118DsjDBjvD+zeSsSU9jULTZ+frog+Gw=="
    },
    "@types/prosemirror-commands": {
      "version": "1.0.4",
      "resolved": "https://registry.npmjs.org/@types/prosemirror-commands/-/prosemirror-commands-1.0.4.tgz",
      "integrity": "sha512-utDNYB3EXLjAfYIcRWJe6pn3kcQ5kG4RijbT/0Y/TFOm6yhvYS/D9eJVnijdg9LDjykapcezchxGRqFD5LcyaQ==",
      "requires": {
        "@types/prosemirror-model": "*",
        "@types/prosemirror-state": "*",
        "@types/prosemirror-view": "*"
      }
    },
    "@types/prosemirror-dropcursor": {
      "version": "1.0.2",
      "resolved": "https://registry.npmjs.org/@types/prosemirror-dropcursor/-/prosemirror-dropcursor-1.0.2.tgz",
      "integrity": "sha512-5Ez7yIAvHQgn5YJkuafEh0w4sHV7pksCX9LTPBFRjCuznamcKsnYCez4mR0PwIWq/WuPDvHkR+wqKb4l0t9/aQ==",
      "requires": {
        "@types/prosemirror-state": "*"
      }
    },
    "@types/prosemirror-gapcursor": {
      "version": "1.0.4",
      "resolved": "https://registry.npmjs.org/@types/prosemirror-gapcursor/-/prosemirror-gapcursor-1.0.4.tgz",
      "integrity": "sha512-9xKjFIG5947dzerFvkLWp6F53JwrUYoYwh3SgcTFEp8SbSfNNrez/PFYVZKPnoqPoaK5WtTdQTaMwpCV9rXQIg==",
      "requires": {
        "@types/prosemirror-model": "*",
        "@types/prosemirror-state": "*"
      }
    },
    "@types/prosemirror-history": {
      "version": "1.0.3",
      "resolved": "https://registry.npmjs.org/@types/prosemirror-history/-/prosemirror-history-1.0.3.tgz",
      "integrity": "sha512-5TloMDRavgLjOAKXp1Li8u0xcsspzbT1Cm9F2pwHOkgvQOz1jWQb2VIXO7RVNsFjLBZdIXlyfSLivro3DuMWXg==",
      "requires": {
        "@types/prosemirror-model": "*",
        "@types/prosemirror-state": "*"
      }
    },
    "@types/prosemirror-inputrules": {
      "version": "1.0.4",
      "resolved": "https://registry.npmjs.org/@types/prosemirror-inputrules/-/prosemirror-inputrules-1.0.4.tgz",
      "integrity": "sha512-lJIMpOjO47SYozQybUkpV6QmfuQt7GZKHtVrvS+mR5UekA8NMC5HRIVMyaIauJLWhKU6oaNjpVaXdw41kh165g==",
      "requires": {
        "@types/prosemirror-model": "*",
        "@types/prosemirror-state": "*"
      }
    },
    "@types/prosemirror-keymap": {
      "version": "1.0.4",
      "resolved": "https://registry.npmjs.org/@types/prosemirror-keymap/-/prosemirror-keymap-1.0.4.tgz",
      "integrity": "sha512-ycevwkqUh+jEQtPwqO7sWGcm+Sybmhu8MpBsM8DlO3+YTKnXbKA6SDz/+q14q1wK3UA8lHJyfR+v+GPxfUSemg==",
      "requires": {
        "@types/prosemirror-commands": "*",
        "@types/prosemirror-model": "*",
        "@types/prosemirror-state": "*",
        "@types/prosemirror-view": "*"
      }
    },
    "@types/prosemirror-model": {
      "version": "1.13.1",
      "resolved": "https://registry.npmjs.org/@types/prosemirror-model/-/prosemirror-model-1.13.1.tgz",
      "integrity": "sha512-tA1AlI+YR2t3Ve5eeQVJnQm4yV4wVlNfeogHusD1X3OEqqMYTuPssThgIMR4PxPHtvV871Ix8a20bUiJvULDgw==",
      "requires": {
        "@types/orderedmap": "*"
      }
    },
    "@types/prosemirror-schema-list": {
      "version": "1.0.3",
      "resolved": "https://registry.npmjs.org/@types/prosemirror-schema-list/-/prosemirror-schema-list-1.0.3.tgz",
      "integrity": "sha512-uWybOf+M2Ea7rlbs0yLsS4YJYNGXYtn4N+w8HCw3Vvfl6wBAROzlMt0gV/D/VW/7J/LlAjwMezuGe8xi24HzXA==",
      "requires": {
        "@types/orderedmap": "*",
        "@types/prosemirror-model": "*",
        "@types/prosemirror-state": "*"
      }
    },
    "@types/prosemirror-state": {
      "version": "1.2.7",
      "resolved": "https://registry.npmjs.org/@types/prosemirror-state/-/prosemirror-state-1.2.7.tgz",
      "integrity": "sha512-clJf5uw3/XQnBJtl2RqYXoLMGBySnLYl43xtDvFfQZKkLnnYcM1SDU8dcz7lWjl2Dm+H98RpLOl44pp7DYT+wA==",
      "requires": {
        "@types/prosemirror-model": "*",
        "@types/prosemirror-transform": "*",
        "@types/prosemirror-view": "*"
      }
    },
    "@types/prosemirror-transform": {
      "version": "1.1.4",
      "resolved": "https://registry.npmjs.org/@types/prosemirror-transform/-/prosemirror-transform-1.1.4.tgz",
      "integrity": "sha512-HP1PauvkqSgDquZut8HaLOTUDQ6jja/LAy4OA7tTS1XG7wqRnX3gLUyEj0mD6vFd4y8BPkNddNdOh/BeGHlUjg==",
      "requires": {
        "@types/prosemirror-model": "*"
      }
    },
    "@types/prosemirror-view": {
      "version": "1.18.0",
      "resolved": "https://registry.npmjs.org/@types/prosemirror-view/-/prosemirror-view-1.18.0.tgz",
      "integrity": "sha512-7NBy7qIV/ig49ThfkrIJrvW8E+HwumMgmpopUTYJlKwOh/fQ6SVUG/RtdnAIBLD+4uK0R2SMObbGZm06x6OwbA==",
      "requires": {
        "@types/prosemirror-model": "*",
        "@types/prosemirror-state": "*",
        "@types/prosemirror-transform": "*"
      }
    },
    "orderedmap": {
      "version": "1.1.1",
      "resolved": "https://registry.npmjs.org/orderedmap/-/orderedmap-1.1.1.tgz",
      "integrity": "sha512-3Ux8um0zXbVacKUkcytc0u3HgC0b0bBLT+I60r2J/En72cI0nZffqrA7Xtf2Hqs27j1g82llR5Mhbd0Z1XW4AQ=="
    },
    "prosemirror-commands": {
      "version": "1.1.10",
      "resolved": "https://registry.npmjs.org/prosemirror-commands/-/prosemirror-commands-1.1.10.tgz",
      "integrity": "sha512-IWyBBXNAd44RM6NnBPljwq+/CM2oYCQJkF+YhKEAZNwzW0uFdGf4qComhjbKZzqFdu6Iub2ZhNsXgwPibA0lCQ==",
      "requires": {
        "prosemirror-model": "^1.0.0",
        "prosemirror-state": "^1.0.0",
        "prosemirror-transform": "^1.0.0"
      }
    },
    "prosemirror-dropcursor": {
      "version": "1.3.5",
      "resolved": "https://registry.npmjs.org/prosemirror-dropcursor/-/prosemirror-dropcursor-1.3.5.tgz",
      "integrity": "sha512-tNUwcF2lPAkwKBZPZRtbxpwljnODRNZ3eiYloN1DSUqDjMT1nBZm0nejaEMS1TvNQ+3amibUSAiV4hX+jpASFA==",
      "requires": {
        "prosemirror-state": "^1.0.0",
        "prosemirror-transform": "^1.1.0",
        "prosemirror-view": "^1.1.0"
      }
    },
    "prosemirror-gapcursor": {
      "version": "1.1.5",
      "resolved": "https://registry.npmjs.org/prosemirror-gapcursor/-/prosemirror-gapcursor-1.1.5.tgz",
      "integrity": "sha512-SjbUZq5pgsBDuV3hu8GqgIpZR5eZvGLM+gPQTqjVVYSMUCfKW3EGXTEYaLHEl1bGduwqNC95O3bZflgtAb4L6w==",
      "requires": {
        "prosemirror-keymap": "^1.0.0",
        "prosemirror-model": "^1.0.0",
        "prosemirror-state": "^1.0.0",
        "prosemirror-view": "^1.0.0"
      }
    },
    "prosemirror-history": {
      "version": "1.1.3",
      "resolved": "https://registry.npmjs.org/prosemirror-history/-/prosemirror-history-1.1.3.tgz",
      "integrity": "sha512-zGDotijea+vnfnyyUGyiy1wfOQhf0B/b6zYcCouBV8yo6JmrE9X23M5q7Nf/nATywEZbgRLG70R4DmfSTC+gfg==",
      "requires": {
        "prosemirror-state": "^1.2.2",
        "prosemirror-transform": "^1.0.0",
        "rope-sequence": "^1.3.0"
      }
    },
    "prosemirror-inputrules": {
      "version": "1.1.3",
      "resolved": "https://registry.npmjs.org/prosemirror-inputrules/-/prosemirror-inputrules-1.1.3.tgz",
      "integrity": "sha512-ZaHCLyBtvbyIHv0f5p6boQTIJjlD6o2NPZiEaZWT2DA+j591zS29QQEMT4lBqwcLW3qRSf7ZvoKNbf05YrsStw==",
      "requires": {
        "prosemirror-state": "^1.0.0",
        "prosemirror-transform": "^1.0.0"
      }
    },
    "prosemirror-keymap": {
      "version": "1.1.4",
      "resolved": "https://registry.npmjs.org/prosemirror-keymap/-/prosemirror-keymap-1.1.4.tgz",
      "integrity": "sha512-Al8cVUOnDFL4gcI5IDlG6xbZ0aOD/i3B17VT+1JbHWDguCgt/lBHVTHUBcKvvbSg6+q/W4Nj1Fu6bwZSca3xjg==",
      "requires": {
        "prosemirror-state": "^1.0.0",
        "w3c-keyname": "^2.2.0"
      }
    },
    "prosemirror-model": {
      "version": "1.14.3",
      "resolved": "https://registry.npmjs.org/prosemirror-model/-/prosemirror-model-1.14.3.tgz",
      "integrity": "sha512-yzZlBaSxfUPIIP6U5Edh5zKxJPZ5f7bwZRhiCuH3UYkWhj+P3d8swHsbuAMOu/iDatDc5J/Qs5Mb3++mZf+CvQ==",
      "requires": {
        "orderedmap": "^1.1.0"
      }
    },
    "prosemirror-schema-list": {
      "version": "1.1.5",
      "resolved": "https://registry.npmjs.org/prosemirror-schema-list/-/prosemirror-schema-list-1.1.5.tgz",
      "integrity": "sha512-9gadhga/wySVfb/iZ2vOpndbG0XroeLw0HkkZN5demNbOea6U5oQtJmvyYWC7ZVf3WkhmVdVsOXrllM9JcC20A==",
      "requires": {
        "prosemirror-model": "^1.0.0",
        "prosemirror-transform": "^1.0.0"
      }
    },
    "prosemirror-state": {
      "version": "1.3.4",
      "resolved": "https://registry.npmjs.org/prosemirror-state/-/prosemirror-state-1.3.4.tgz",
      "integrity": "sha512-Xkkrpd1y/TQ6HKzN3agsQIGRcLckUMA9u3j207L04mt8ToRgpGeyhbVv0HI7omDORIBHjR29b7AwlATFFf2GLA==",
      "requires": {
        "prosemirror-model": "^1.0.0",
        "prosemirror-transform": "^1.0.0"
      }
    },
    "prosemirror-transform": {
      "version": "1.3.2",
      "resolved": "https://registry.npmjs.org/prosemirror-transform/-/prosemirror-transform-1.3.2.tgz",
      "integrity": "sha512-/G6d/u9Mf6Bv3H1XR8VxhpjmUO75LYmnvj+s3ZfZpakU1hnQbsvCEybml1B3f2IWUAAQRFkbO1PnsbFhLZsYsw==",
      "requires": {
        "prosemirror-model": "^1.0.0"
      }
    },
    "prosemirror-view": {
      "version": "1.18.11",
      "resolved": "https://registry.npmjs.org/prosemirror-view/-/prosemirror-view-1.18.11.tgz",
      "integrity": "sha512-KXUM8UEV+IK4JYWHNyxkPGDGbxeTEUHQv3POApfyTRN5eMcPFbY4cB0mDJr0LPelVvYPghmZDOCqfCIm9mYHtQ==",
      "requires": {
        "prosemirror-model": "^1.14.3",
        "prosemirror-state": "^1.0.0",
        "prosemirror-transform": "^1.1.0"
      }
    },
    "remixicon": {
      "version": "2.5.0",
      "resolved": "https://registry.npmjs.org/remixicon/-/remixicon-2.5.0.tgz",
      "integrity": "sha512-q54ra2QutYDZpuSnFjmeagmEiN9IMo56/zz5dDNitzKD23oFRw77cWo4TsrAdmdkPiEn8mxlrTqxnkujDbEGww=="
    },
    "rope-sequence": {
      "version": "1.3.2",
      "resolved": "https://registry.npmjs.org/rope-sequence/-/rope-sequence-1.3.2.tgz",
      "integrity": "sha512-ku6MFrwEVSVmXLvy3dYph3LAMNS0890K7fabn+0YIRQ2T96T9F4gkFf0vf0WW0JUraNWwGRtInEpH7yO4tbQZg=="
    },
    "tippy.js": {
      "version": "6.3.1",
      "resolved": "https://registry.npmjs.org/tippy.js/-/tippy.js-6.3.1.tgz",
      "integrity": "sha512-JnFncCq+rF1dTURupoJ4yPie5Cof978inW6/4S6kmWV7LL9YOSEVMifED3KdrVPEG+Z/TFH2CDNJcQEfaeuQww==",
      "requires": {
        "@popperjs/core": "^2.8.3"
      }
    },
    "vue": {
      "version": "2.6.14",
      "resolved": "https://registry.npmjs.org/vue/-/vue-2.6.14.tgz",
      "integrity": "sha512-x2284lgYvjOMj3Za7kqzRcUSxBboHqtgRE2zlos1qWaOye5yUmHn42LB1250NJBLRwEcdrB0JRwyPTEPhfQjiQ==",
      "peer": true
    },
    "w3c-keyname": {
      "version": "2.2.4",
      "resolved": "https://registry.npmjs.org/w3c-keyname/-/w3c-keyname-2.2.4.tgz",
      "integrity": "sha512-tOhfEwEzFLJzf6d1ZPkYfGj+FWhIpBux9ppoP3rlclw3Z0BZv3N7b7030Z1kYth+6rDuAsXUFr+d0VE6Ed1ikw=="
    }
  }
}
